
Microsoft Visual Studio Solution File, Format Version 12.00
# Visual Studio Version 17
VisualStudioVersion = 17.5.002.0
MinimumVisualStudioVersion = 10.0.40219.1
Project("{9A19103F-16F7-4668-BE54-9A1E7A4F7556}") = "JwtMongo", "JwtMongo.csproj", "{28BB66C4-6CCA-4EDE-BF41-DF17E3D0A754}"
EndProject
Global
	GlobalSection(SolutionConfigurationPlatforms) = preSolution
		Debug|Any CPU = Debug|Any CPU
		Release|Any CPU = Release|Any CPU
	EndGlobalSection
	GlobalSection(ProjectConfigurationPlatforms) = postSolution
		{28BB66C4-6CCA-4EDE-BF41-DF17E3D0A754}.Debug|Any CPU.ActiveCfg = Debug|Any CPU
		{28BB66C4-6CCA-4EDE-BF41-DF17E3D0A754}.Debug|Any CPU.Build.0 = Debug|Any CPU
		{28BB66C4-6CCA-4EDE-BF41-DF17E3D0A754}.Release|Any CPU.ActiveCfg = Release|Any CPU
		{28BB66C4-6CCA-4EDE-BF41-DF17E3D0A754}.Release|Any CPU.Build.0 = Release|Any CPU
	EndGlobalSection
	GlobalSection(SolutionProperties) = preSolution
		HideSolutionNode = FALSE
	EndGlobalSection
	GlobalSection(ExtensibilityGlobals) = postSolution
		SolutionGuid = {21390F74-BCE5-4536-803E-0062B806539A}
	EndGlobalSection
EndGlobal
